# This file is automatically @generated by Poetry and should not be changed by hand.

[[package]]
name = "pika"
version = "1.3.1"
description = "Pika Python AMQP Client Library"
category = "main"
optional = false
python-versions = ">=3.4"
files = [
    {file = "pika-1.3.1-py3-none-any.whl", hash = "sha256:89f5e606646caebe3c00cbdbc4c2c609834adde45d7507311807b5775edac8e0"},
    {file = "pika-1.3.1.tar.gz", hash = "sha256:beb19ff6dd1547f99a29acc2c6987ebb2ba7c44bf44a3f8e305877c5ef7d2fdc"},
]

[package.extras]
gevent = ["gevent"]
tornado = ["tornado"]
twisted = ["twisted"]

[[package]]
name = "python-http-client"
version = "3.3.7"
description = "HTTP REST client, simplified for Python"
category = "main"
optional = false
python-versions = ">=2.7, !=3.0.*, !=3.1.*, !=3.2.*, !=3.3.*"
files = [
    {file = "python_http_client-3.3.7-py3-none-any.whl", hash = "sha256:ad371d2bbedc6ea15c26179c6222a78bc9308d272435ddf1d5c84f068f249a36"},
    {file = "python_http_client-3.3.7.tar.gz", hash = "sha256:bf841ee45262747e00dec7ee9971dfb8c7d83083f5713596488d67739170cea0"},
]

[[package]]
name = "sendgrid"
version = "6.9.7"
description = "Twilio SendGrid library for Python"
category = "main"
optional = false
python-versions = ">=2.7, !=3.0.*, !=3.1.*, !=3.2.*, !=3.3.*, !=3.4.*"
files = [
    {file = "sendgrid-6.9.7-py3-none-any.whl", hash = "sha256:ba8d3d39e1f392b9434365d53983b2fc6a458ae0496d2d9e103c15e1743ab66b"},
    {file = "sendgrid-6.9.7.tar.gz", hash = "sha256:fa30411c627690fecd0ef6b1d4e1783f2d0272aa14b5fffb133ebd1e31114f16"},
]

[package.dependencies]
python-http-client = ">=3.2.1"
starkbank-ecdsa = ">=2.0.1"

[[package]]
name = "starkbank-ecdsa"
version = "2.2.0"
description = "A lightweight and fast pure python ECDSA library"
category = "main"
optional = false
python-versions = "*"
files = [
    {file = "starkbank-ecdsa-2.2.0.tar.gz", hash = "sha256:9399c3371b899d4a235b68a1ed7919d202fbf024bd2c863ae8ebdad343c2a63a"},
]

[metadata]
lock-version = "2.0"
python-versions = "^3.10"
content-hash = "4e4ed9de5cb49bf264d56b3b54f83a2f57f81ce12614d45a236b9a06a278ec73"
